
Microsoft Visual Studio Solution File, Format Version 12.00
# Visual Studio Version 17
VisualStudioVersion = 17.2.32630.192
MinimumVisualStudioVersion = 10.0.40219.1
Project("{8BC9CEB8-8B4A-11D0-8D11-00A0C91BC942}") = "DynamicStaticArrays", "DynamicStaticArrays.vcxproj", "{BF6E5A00-04DB-4C18-8133-A1232D6D072A}"
EndProject
Global
	GlobalSection(SolutionConfigurationPlatforms) = preSolution
		Debug|x64 = Debug|x64
		Debug|x86 = Debug|x86
		Release|x64 = Release|x64
		Release|x86 = Release|x86
	EndGlobalSection
	GlobalSection(ProjectConfigurationPlatforms) = postSolution
		{BF6E5A00-04DB-4C18-8133-A1232D6D072A}.Debug|x64.ActiveCfg = Debug|x64
		{BF6E5A00-04DB-4C18-8133-A1232D6D072A}.Debug|x64.Build.0 = Debug|x64
		{BF6E5A00-04DB-4C18-8133-A1232D6D072A}.Debug|x86.ActiveCfg = Debug|Win32
		{BF6E5A00-04DB-4C18-8133-A1232D6D072A}.Debug|x86.Build.0 = Debug|Win32
		{BF6E5A00-04DB-4C18-8133-A1232D6D072A}.Release|x64.ActiveCfg = Release|x64
		{BF6E5A00-04DB-4C18-8133-A1232D6D072A}.Release|x64.Build.0 = Release|x64
		{BF6E5A00-04DB-4C18-8133-A1232D6D072A}.Release|x86.ActiveCfg = Release|Win32
		{BF6E5A00-04DB-4C18-8133-A1232D6D072A}.Release|x86.Build.0 = Release|Win32
	EndGlobalSection
	GlobalSection(SolutionProperties) = preSolution
		HideSolutionNode = FALSE
	EndGlobalSection
	GlobalSection(ExtensibilityGlobals) = postSolution
		SolutionGuid = {2490131C-7801-4DC0-8F6B-69E04AEDF0E5}
	EndGlobalSection
EndGlobal
